
Microsoft Visual Studio Solution File, Format Version 12.00
# Visual Studio Version 17
VisualStudioVersion = 17.0.31903.59
MinimumVisualStudioVersion = 10.0.40219.1
Project("{2150E333-8FDC-42A3-9474-1A3956D46DE8}") = "AccountingService", "AccountingService", "{7F0EA126-51FF-CBAC-EC80-4BE6FCA492A2}"
EndProject
Project("{FAE04EC0-301F-11D3-BF4B-00C04F79EFBC}") = "Accounting.API", "AccountingService\Accounting.API\Accounting.API.csproj", "{B766A3BC-3EF8-4368-899C-49C9D2A761F0}"
EndProject
Project("{FAE04EC0-301F-11D3-BF4B-00C04F79EFBC}") = "Accounting.Service", "AccountingService\Accounting.Service\Accounting.Service.csproj", "{ED8DA172-698A-46BB-B641-FB048EB7B55C}"
EndProject
Project("{FAE04EC0-301F-11D3-BF4B-00C04F79EFBC}") = "Accounting.Repository", "AccountingService\Accounting.Repository\Accounting.Repository.csproj", "{D7A26090-9376-4633-9297-C7D65C5E9518}"
EndProject
Project("{FAE04EC0-301F-11D3-BF4B-00C04F79EFBC}") = "Accounting.Common", "AccountingService\Accounting.Common\Accounting.Common.csproj", "{9875BBD4-8CA9-415C-BBEE-984E372C11DA}"
EndProject
Project("{2150E333-8FDC-42A3-9474-1A3956D46DE8}") = "EmployeeService", "EmployeeService", "{8F88C809-3458-DB09-A47C-BC08EA9618F6}"
EndProject
Project("{FAE04EC0-301F-11D3-BF4B-00C04F79EFBC}") = "Employee.API", "EmployeeService\Employee.API\Employee.API.csproj", "{E949DAC3-1A99-4F8F-ADFC-E9188EC1EE04}"
EndProject
Project("{FAE04EC0-301F-11D3-BF4B-00C04F79EFBC}") = "Employee.Service", "EmployeeService\Employee.Service\Employee.Service.csproj", "{9C0EAEFD-07F9-4C4C-9F54-8781D571878E}"
EndProject
Project("{FAE04EC0-301F-11D3-BF4B-00C04F79EFBC}") = "Employee.Repository", "EmployeeService\Employee.Repository\Employee.Repository.csproj", "{EE67B9C3-35A1-4AAF-9951-F11E191B6631}"
EndProject
Project("{FAE04EC0-301F-11D3-BF4B-00C04F79EFBC}") = "Employee.Common", "EmployeeService\Employee.Common\Employee.Common.csproj", "{E4BB1BF3-839C-480A-A267-F48E9402B068}"
EndProject
Project("{2150E333-8FDC-42A3-9474-1A3956D46DE8}") = "FundService", "FundService", "{409AEFF2-3861-248E-6174-E8B4D0C0FE87}"
EndProject
Project("{FAE04EC0-301F-11D3-BF4B-00C04F79EFBC}") = "Fund.API", "FundService\Fund.API\Fund.API.csproj", "{2DF8B511-596C-4F25-B36B-03164526BF5E}"
EndProject
Project("{FAE04EC0-301F-11D3-BF4B-00C04F79EFBC}") = "Fund.Service", "FundService\Fund.Service\Fund.Service.csproj", "{D5F0DA49-06CD-408C-9DE2-23E2D5D9A8FF}"
EndProject
Project("{FAE04EC0-301F-11D3-BF4B-00C04F79EFBC}") = "Fund.Repository", "FundService\Fund.Repository\Fund.Repository.csproj", "{55437A9B-24B4-40B5-82E9-0EE0472A78C5}"
EndProject
Project("{FAE04EC0-301F-11D3-BF4B-00C04F79EFBC}") = "Fund.Common", "FundService\Fund.Common\Fund.Common.csproj", "{5E8995A8-A4B9-4452-B074-AE1AA8085882}"
EndProject
Project("{2150E333-8FDC-42A3-9474-1A3956D46DE8}") = "MicroserviceGateway", "MicroserviceGateway", "{D82EAE68-2C92-46BA-E68F-07DF2989FE02}"
EndProject
Project("{FAE04EC0-301F-11D3-BF4B-00C04F79EFBC}") = "Gateway.API", "MicroserviceGateway\Gateway.API\Gateway.API.csproj", "{37BDB0D8-FDB2-420B-AD9C-331961BA5FA2}"
EndProject
Global
	GlobalSection(SolutionConfigurationPlatforms) = preSolution
		Debug|Any CPU = Debug|Any CPU
		Debug|x64 = Debug|x64
		Debug|x86 = Debug|x86
		Release|Any CPU = Release|Any CPU
		Release|x64 = Release|x64
		Release|x86 = Release|x86
	EndGlobalSection
	GlobalSection(ProjectConfigurationPlatforms) = postSolution
		{B766A3BC-3EF8-4368-899C-49C9D2A761F0}.Debug|Any CPU.ActiveCfg = Debug|Any CPU
		{B766A3BC-3EF8-4368-899C-49C9D2A761F0}.Debug|Any CPU.Build.0 = Debug|Any CPU
		{B766A3BC-3EF8-4368-899C-49C9D2A761F0}.Debug|x64.ActiveCfg = Debug|Any CPU
		{B766A3BC-3EF8-4368-899C-49C9D2A761F0}.Debug|x64.Build.0 = Debug|Any CPU
		{B766A3BC-3EF8-4368-899C-49C9D2A761F0}.Debug|x86.ActiveCfg = Debug|Any CPU
		{B766A3BC-3EF8-4368-899C-49C9D2A761F0}.Debug|x86.Build.0 = Debug|Any CPU
		{B766A3BC-3EF8-4368-899C-49C9D2A761F0}.Release|Any CPU.ActiveCfg = Release|Any CPU
		{B766A3BC-3EF8-4368-899C-49C9D2A761F0}.Release|Any CPU.Build.0 = Release|Any CPU
		{B766A3BC-3EF8-4368-899C-49C9D2A761F0}.Release|x64.ActiveCfg = Release|Any CPU
		{B766A3BC-3EF8-4368-899C-49C9D2A761F0}.Release|x64.Build.0 = Release|Any CPU
		{B766A3BC-3EF8-4368-899C-49C9D2A761F0}.Release|x86.ActiveCfg = Release|Any CPU
		{B766A3BC-3EF8-4368-899C-49C9D2A761F0}.Release|x86.Build.0 = Release|Any CPU
		{ED8DA172-698A-46BB-B641-FB048EB7B55C}.Debug|Any CPU.ActiveCfg = Debug|Any CPU
		{ED8DA172-698A-46BB-B641-FB048EB7B55C}.Debug|Any CPU.Build.0 = Debug|Any CPU
		{ED8DA172-698A-46BB-B641-FB048EB7B55C}.Debug|x64.ActiveCfg = Debug|Any CPU
		{ED8DA172-698A-46BB-B641-FB048EB7B55C}.Debug|x64.Build.0 = Debug|Any CPU
		{ED8DA172-698A-46BB-B641-FB048EB7B55C}.Debug|x86.ActiveCfg = Debug|Any CPU
		{ED8DA172-698A-46BB-B641-FB048EB7B55C}.Debug|x86.Build.0 = Debug|Any CPU
		{ED8DA172-698A-46BB-B641-FB048EB7B55C}.Release|Any CPU.ActiveCfg = Release|Any CPU
		{ED8DA172-698A-46BB-B641-FB048EB7B55C}.Release|Any CPU.Build.0 = Release|Any CPU
		{ED8DA172-698A-46BB-B641-FB048EB7B55C}.Release|x64.ActiveCfg = Release|Any CPU
		{ED8DA172-698A-46BB-B641-FB048EB7B55C}.Release|x64.Build.0 = Release|Any CPU
		{ED8DA172-698A-46BB-B641-FB048EB7B55C}.Release|x86.ActiveCfg = Release|Any CPU
		{ED8DA172-698A-46BB-B641-FB048EB7B55C}.Release|x86.Build.0 = Release|Any CPU
		{D7A26090-9376-4633-9297-C7D65C5E9518}.Debug|Any CPU.ActiveCfg = Debug|Any CPU
		{D7A26090-9376-4633-9297-C7D65C5E9518}.Debug|Any CPU.Build.0 = Debug|Any CPU
		{D7A26090-9376-4633-9297-C7D65C5E9518}.Debug|x64.ActiveCfg = Debug|Any CPU
		{D7A26090-9376-4633-9297-C7D65C5E9518}.Debug|x64.Build.0 = Debug|Any CPU
		{D7A26090-9376-4633-9297-C7D65C5E9518}.Debug|x86.ActiveCfg = Debug|Any CPU
		{D7A26090-9376-4633-9297-C7D65C5E9518}.Debug|x86.Build.0 = Debug|Any CPU
		{D7A26090-9376-4633-9297-C7D65C5E9518}.Release|Any CPU.ActiveCfg = Release|Any CPU
		{D7A26090-9376-4633-9297-C7D65C5E9518}.Release|Any CPU.Build.0 = Release|Any CPU
		{D7A26090-9376-4633-9297-C7D65C5E9518}.Release|x64.ActiveCfg = Release|Any CPU
		{D7A26090-9376-4633-9297-C7D65C5E9518}.Release|x64.Build.0 = Release|Any CPU
		{D7A26090-9376-4633-9297-C7D65C5E9518}.Release|x86.ActiveCfg = Release|Any CPU
		{D7A26090-9376-4633-9297-C7D65C5E9518}.Release|x86.Build.0 = Release|Any CPU
		{9875BBD4-8CA9-415C-BBEE-984E372C11DA}.Debug|Any CPU.ActiveCfg = Debug|Any CPU
		{9875BBD4-8CA9-415C-BBEE-984E372C11DA}.Debug|Any CPU.Build.0 = Debug|Any CPU
		{9875BBD4-8CA9-415C-BBEE-984E372C11DA}.Debug|x64.ActiveCfg = Debug|Any CPU
		{9875BBD4-8CA9-415C-BBEE-984E372C11DA}.Debug|x64.Build.0 = Debug|Any CPU
		{9875BBD4-8CA9-415C-BBEE-984E372C11DA}.Debug|x86.ActiveCfg = Debug|Any CPU
		{9875BBD4-8CA9-415C-BBEE-984E372C11DA}.Debug|x86.Build.0 = Debug|Any CPU
		{9875BBD4-8CA9-415C-BBEE-984E372C11DA}.Release|Any CPU.ActiveCfg = Release|Any CPU
		{9875BBD4-8CA9-415C-BBEE-984E372C11DA}.Release|Any CPU.Build.0 = Release|Any CPU
		{9875BBD4-8CA9-415C-BBEE-984E372C11DA}.Release|x64.ActiveCfg = Release|Any CPU
		{9875BBD4-8CA9-415C-BBEE-984E372C11DA}.Release|x64.Build.0 = Release|Any CPU
		{9875BBD4-8CA9-415C-BBEE-984E372C11DA}.Release|x86.ActiveCfg = Release|Any CPU
		{9875BBD4-8CA9-415C-BBEE-984E372C11DA}.Release|x86.Build.0 = Release|Any CPU
		{E949DAC3-1A99-4F8F-ADFC-E9188EC1EE04}.Debug|Any CPU.ActiveCfg = Debug|Any CPU
		{E949DAC3-1A99-4F8F-ADFC-E9188EC1EE04}.Debug|Any CPU.Build.0 = Debug|Any CPU
		{E949DAC3-1A99-4F8F-ADFC-E9188EC1EE04}.Debug|x64.ActiveCfg = Debug|Any CPU
		{E949DAC3-1A99-4F8F-ADFC-E9188EC1EE04}.Debug|x64.Build.0 = Debug|Any CPU
		{E949DAC3-1A99-4F8F-ADFC-E9188EC1EE04}.Debug|x86.ActiveCfg = Debug|Any CPU
		{E949DAC3-1A99-4F8F-ADFC-E9188EC1EE04}.Debug|x86.Build.0 = Debug|Any CPU
		{E949DAC3-1A99-4F8F-ADFC-E9188EC1EE04}.Release|Any CPU.ActiveCfg = Release|Any CPU
		{E949DAC3-1A99-4F8F-ADFC-E9188EC1EE04}.Release|Any CPU.Build.0 = Release|Any CPU
		{E949DAC3-1A99-4F8F-ADFC-E9188EC1EE04}.Release|x64.ActiveCfg = Release|Any CPU
		{E949DAC3-1A99-4F8F-ADFC-E9188EC1EE04}.Release|x64.Build.0 = Release|Any CPU
		{E949DAC3-1A99-4F8F-ADFC-E9188EC1EE04}.Release|x86.ActiveCfg = Release|Any CPU
		{E949DAC3-1A99-4F8F-ADFC-E9188EC1EE04}.Release|x86.Build.0 = Release|Any CPU
		{9C0EAEFD-07F9-4C4C-9F54-8781D571878E}.Debug|Any CPU.ActiveCfg = Debug|Any CPU
		{9C0EAEFD-07F9-4C4C-9F54-8781D571878E}.Debug|Any CPU.Build.0 = Debug|Any CPU
		{9C0EAEFD-07F9-4C4C-9F54-8781D571878E}.Debug|x64.ActiveCfg = Debug|Any CPU
		{9C0EAEFD-07F9-4C4C-9F54-8781D571878E}.Debug|x64.Build.0 = Debug|Any CPU
		{9C0EAEFD-07F9-4C4C-9F54-8781D571878E}.Debug|x86.ActiveCfg = Debug|Any CPU
		{9C0EAEFD-07F9-4C4C-9F54-8781D571878E}.Debug|x86.Build.0 = Debug|Any CPU
		{9C0EAEFD-07F9-4C4C-9F54-8781D571878E}.Release|Any CPU.ActiveCfg = Release|Any CPU
		{9C0EAEFD-07F9-4C4C-9F54-8781D571878E}.Release|Any CPU.Build.0 = Release|Any CPU
		{9C0EAEFD-07F9-4C4C-9F54-8781D571878E}.Release|x64.ActiveCfg = Release|Any CPU
		{9C0EAEFD-07F9-4C4C-9F54-8781D571878E}.Release|x64.Build.0 = Release|Any CPU
		{9C0EAEFD-07F9-4C4C-9F54-8781D571878E}.Release|x86.ActiveCfg = Release|Any CPU
		{9C0EAEFD-07F9-4C4C-9F54-8781D571878E}.Release|x86.Build.0 = Release|Any CPU
		{EE67B9C3-35A1-4AAF-9951-F11E191B6631}.Debug|Any CPU.ActiveCfg = Debug|Any CPU
		{EE67B9C3-35A1-4AAF-9951-F11E191B6631}.Debug|Any CPU.Build.0 = Debug|Any CPU
		{EE67B9C3-35A1-4AAF-9951-F11E191B6631}.Debug|x64.ActiveCfg = Debug|Any CPU
		{EE67B9C3-35A1-4AAF-9951-F11E191B6631}.Debug|x64.Build.0 = Debug|Any CPU
		{EE67B9C3-35A1-4AAF-9951-F11E191B6631}.Debug|x86.ActiveCfg = Debug|Any CPU
		{EE67B9C3-35A1-4AAF-9951-F11E191B6631}.Debug|x86.Build.0 = Debug|Any CPU
		{EE67B9C3-35A1-4AAF-9951-F11E191B6631}.Release|Any CPU.ActiveCfg = Release|Any CPU
		{EE67B9C3-35A1-4AAF-9951-F11E191B6631}.Release|Any CPU.Build.0 = Release|Any CPU
		{EE67B9C3-35A1-4AAF-9951-F11E191B6631}.Release|x64.ActiveCfg = Release|Any CPU
		{EE67B9C3-35A1-4AAF-9951-F11E191B6631}.Release|x64.Build.0 = Release|Any CPU
		{EE67B9C3-35A1-4AAF-9951-F11E191B6631}.Release|x86.ActiveCfg = Release|Any CPU
		{EE67B9C3-35A1-4AAF-9951-F11E191B6631}.Release|x86.Build.0 = Release|Any CPU
		{E4BB1BF3-839C-480A-A267-F48E9402B068}.Debug|Any CPU.ActiveCfg = Debug|Any CPU
		{E4BB1BF3-839C-480A-A267-F48E9402B068}.Debug|Any CPU.Build.0 = Debug|Any CPU
		{E4BB1BF3-839C-480A-A267-F48E9402B068}.Debug|x64.ActiveCfg = Debug|Any CPU
		{E4BB1BF3-839C-480A-A267-F48E9402B068}.Debug|x64.Build.0 = Debug|Any CPU
		{E4BB1BF3-839C-480A-A267-F48E9402B068}.Debug|x86.ActiveCfg = Debug|Any CPU
		{E4BB1BF3-839C-480A-A267-F48E9402B068}.Debug|x86.Build.0 = Debug|Any CPU
		{E4BB1BF3-839C-480A-A267-F48E9402B068}.Release|Any CPU.ActiveCfg = Release|Any CPU
		{E4BB1BF3-839C-480A-A267-F48E9402B068}.Release|Any CPU.Build.0 = Release|Any CPU
		{E4BB1BF3-839C-480A-A267-F48E9402B068}.Release|x64.ActiveCfg = Release|Any CPU
		{E4BB1BF3-839C-480A-A267-F48E9402B068}.Release|x64.Build.0 = Release|Any CPU
		{E4BB1BF3-839C-480A-A267-F48E9402B068}.Release|x86.ActiveCfg = Release|Any CPU
		{E4BB1BF3-839C-480A-A267-F48E9402B068}.Release|x86.Build.0 = Release|Any CPU
		{2DF8B511-596C-4F25-B36B-03164526BF5E}.Debug|Any CPU.ActiveCfg = Debug|Any CPU
		{2DF8B511-596C-4F25-B36B-03164526BF5E}.Debug|Any CPU.Build.0 = Debug|Any CPU
		{2DF8B511-596C-4F25-B36B-03164526BF5E}.Debug|x64.ActiveCfg = Debug|Any CPU
		{2DF8B511-596C-4F25-B36B-03164526BF5E}.Debug|x64.Build.0 = Debug|Any CPU
		{2DF8B511-596C-4F25-B36B-03164526BF5E}.Debug|x86.ActiveCfg = Debug|Any CPU
		{2DF8B511-596C-4F25-B36B-03164526BF5E}.Debug|x86.Build.0 = Debug|Any CPU
		{2DF8B511-596C-4F25-B36B-03164526BF5E}.Release|Any CPU.ActiveCfg = Release|Any CPU
		{2DF8B511-596C-4F25-B36B-03164526BF5E}.Release|Any CPU.Build.0 = Release|Any CPU
		{2DF8B511-596C-4F25-B36B-03164526BF5E}.Release|x64.ActiveCfg = Release|Any CPU
		{2DF8B511-596C-4F25-B36B-03164526BF5E}.Release|x64.Build.0 = Release|Any CPU
		{2DF8B511-596C-4F25-B36B-03164526BF5E}.Release|x86.ActiveCfg = Release|Any CPU
		{2DF8B511-596C-4F25-B36B-03164526BF5E}.Release|x86.Build.0 = Release|Any CPU
		{D5F0DA49-06CD-408C-9DE2-23E2D5D9A8FF}.Debug|Any CPU.ActiveCfg = Debug|Any CPU
		{D5F0DA49-06CD-408C-9DE2-23E2D5D9A8FF}.Debug|Any CPU.Build.0 = Debug|Any CPU
		{D5F0DA49-06CD-408C-9DE2-23E2D5D9A8FF}.Debug|x64.ActiveCfg = Debug|Any CPU
		{D5F0DA49-06CD-408C-9DE2-23E2D5D9A8FF}.Debug|x64.Build.0 = Debug|Any CPU
		{D5F0DA49-06CD-408C-9DE2-23E2D5D9A8FF}.Debug|x86.ActiveCfg = Debug|Any CPU
		{D5F0DA49-06CD-408C-9DE2-23E2D5D9A8FF}.Debug|x86.Build.0 = Debug|Any CPU
		{D5F0DA49-06CD-408C-9DE2-23E2D5D9A8FF}.Release|Any CPU.ActiveCfg = Release|Any CPU
		{D5F0DA49-06CD-408C-9DE2-23E2D5D9A8FF}.Release|Any CPU.Build.0 = Release|Any CPU
		{D5F0DA49-06CD-408C-9DE2-23E2D5D9A8FF}.Release|x64.ActiveCfg = Release|Any CPU
		{D5F0DA49-06CD-408C-9DE2-23E2D5D9A8FF}.Release|x64.Build.0 = Release|Any CPU
		{D5F0DA49-06CD-408C-9DE2-23E2D5D9A8FF}.Release|x86.ActiveCfg = Release|Any CPU
		{D5F0DA49-06CD-408C-9DE2-23E2D5D9A8FF}.Release|x86.Build.0 = Release|Any CPU
		{55437A9B-24B4-40B5-82E9-0EE0472A78C5}.Debug|Any CPU.ActiveCfg = Debug|Any CPU
		{55437A9B-24B4-40B5-82E9-0EE0472A78C5}.Debug|Any CPU.Build.0 = Debug|Any CPU
		{55437A9B-24B4-40B5-82E9-0EE0472A78C5}.Debug|x64.ActiveCfg = Debug|Any CPU
		{55437A9B-24B4-40B5-82E9-0EE0472A78C5}.Debug|x64.Build.0 = Debug|Any CPU
		{55437A9B-24B4-40B5-82E9-0EE0472A78C5}.Debug|x86.ActiveCfg = Debug|Any CPU
		{55437A9B-24B4-40B5-82E9-0EE0472A78C5}.Debug|x86.Build.0 = Debug|Any CPU
		{55437A9B-24B4-40B5-82E9-0EE0472A78C5}.Release|Any CPU.ActiveCfg = Release|Any CPU
		{55437A9B-24B4-40B5-82E9-0EE0472A78C5}.Release|Any CPU.Build.0 = Release|Any CPU
		{55437A9B-24B4-40B5-82E9-0EE0472A78C5}.Release|x64.ActiveCfg = Release|Any CPU
		{55437A9B-24B4-40B5-82E9-0EE0472A78C5}.Release|x64.Build.0 = Release|Any CPU
		{55437A9B-24B4-40B5-82E9-0EE0472A78C5}.Release|x86.ActiveCfg = Release|Any CPU
		{55437A9B-24B4-40B5-82E9-0EE0472A78C5}.Release|x86.Build.0 = Release|Any CPU
		{5E8995A8-A4B9-4452-B074-AE1AA8085882}.Debug|Any CPU.ActiveCfg = Debug|Any CPU
		{5E8995A8-A4B9-4452-B074-AE1AA8085882}.Debug|Any CPU.Build.0 = Debug|Any CPU
		{5E8995A8-A4B9-4452-B074-AE1AA8085882}.Debug|x64.ActiveCfg = Debug|Any CPU
		{5E8995A8-A4B9-4452-B074-AE1AA8085882}.Debug|x64.Build.0 = Debug|Any CPU
		{5E8995A8-A4B9-4452-B074-AE1AA8085882}.Debug|x86.ActiveCfg = Debug|Any CPU
		{5E8995A8-A4B9-4452-B074-AE1AA8085882}.Debug|x86.Build.0 = Debug|Any CPU
		{5E8995A8-A4B9-4452-B074-AE1AA8085882}.Release|Any CPU.ActiveCfg = Release|Any CPU
		{5E8995A8-A4B9-4452-B074-AE1AA8085882}.Release|Any CPU.Build.0 = Release|Any CPU
		{5E8995A8-A4B9-4452-B074-AE1AA8085882}.Release|x64.ActiveCfg = Release|Any CPU
		{5E8995A8-A4B9-4452-B074-AE1AA8085882}.Release|x64.Build.0 = Release|Any CPU
		{5E8995A8-A4B9-4452-B074-AE1AA8085882}.Release|x86.ActiveCfg = Release|Any CPU
		{5E8995A8-A4B9-4452-B074-AE1AA8085882}.Release|x86.Build.0 = Release|Any CPU
		{37BDB0D8-FDB2-420B-AD9C-331961BA5FA2}.Debug|Any CPU.ActiveCfg = Debug|Any CPU
		{37BDB0D8-FDB2-420B-AD9C-331961BA5FA2}.Debug|Any CPU.Build.0 = Debug|Any CPU
		{37BDB0D8-FDB2-420B-AD9C-331961BA5FA2}.Debug|x64.ActiveCfg = Debug|Any CPU
		{37BDB0D8-FDB2-420B-AD9C-331961BA5FA2}.Debug|x64.Build.0 = Debug|Any CPU
		{37BDB0D8-FDB2-420B-AD9C-331961BA5FA2}.Debug|x86.ActiveCfg = Debug|Any CPU
		{37BDB0D8-FDB2-420B-AD9C-331961BA5FA2}.Debug|x86.Build.0 = Debug|Any CPU
		{37BDB0D8-FDB2-420B-AD9C-331961BA5FA2}.Release|Any CPU.ActiveCfg = Release|Any CPU
		{37BDB0D8-FDB2-420B-AD9C-331961BA5FA2}.Release|Any CPU.Build.0 = Release|Any CPU
		{37BDB0D8-FDB2-420B-AD9C-331961BA5FA2}.Release|x64.ActiveCfg = Release|Any CPU
		{37BDB0D8-FDB2-420B-AD9C-331961BA5FA2}.Release|x64.Build.0 = Release|Any CPU
		{37BDB0D8-FDB2-420B-AD9C-331961BA5FA2}.Release|x86.ActiveCfg = Release|Any CPU
		{37BDB0D8-FDB2-420B-AD9C-331961BA5FA2}.Release|x86.Build.0 = Release|Any CPU
	EndGlobalSection
	GlobalSection(SolutionProperties) = preSolution
		HideSolutionNode = FALSE
	EndGlobalSection
	GlobalSection(NestedProjects) = preSolution
		{B766A3BC-3EF8-4368-899C-49C9D2A761F0} = {7F0EA126-51FF-CBAC-EC80-4BE6FCA492A2}
		{ED8DA172-698A-46BB-B641-FB048EB7B55C} = {7F0EA126-51FF-CBAC-EC80-4BE6FCA492A2}
		{D7A26090-9376-4633-9297-C7D65C5E9518} = {7F0EA126-51FF-CBAC-EC80-4BE6FCA492A2}
		{9875BBD4-8CA9-415C-BBEE-984E372C11DA} = {7F0EA126-51FF-CBAC-EC80-4BE6FCA492A2}
		{E949DAC3-1A99-4F8F-ADFC-E9188EC1EE04} = {8F88C809-3458-DB09-A47C-BC08EA9618F6}
		{9C0EAEFD-07F9-4C4C-9F54-8781D571878E} = {8F88C809-3458-DB09-A47C-BC08EA9618F6}
		{EE67B9C3-35A1-4AAF-9951-F11E191B6631} = {8F88C809-3458-DB09-A47C-BC08EA9618F6}
		{E4BB1BF3-839C-480A-A267-F48E9402B068} = {8F88C809-3458-DB09-A47C-BC08EA9618F6}
		{2DF8B511-596C-4F25-B36B-03164526BF5E} = {409AEFF2-3861-248E-6174-E8B4D0C0FE87}
		{D5F0DA49-06CD-408C-9DE2-23E2D5D9A8FF} = {409AEFF2-3861-248E-6174-E8B4D0C0FE87}
		{55437A9B-24B4-40B5-82E9-0EE0472A78C5} = {409AEFF2-3861-248E-6174-E8B4D0C0FE87}
		{5E8995A8-A4B9-4452-B074-AE1AA8085882} = {409AEFF2-3861-248E-6174-E8B4D0C0FE87}
		{37BDB0D8-FDB2-420B-AD9C-331961BA5FA2} = {D82EAE68-2C92-46BA-E68F-07DF2989FE02}
	EndGlobalSection
EndGlobal
