
Microsoft Visual Studio Solution File, Format Version 12.00
# Visual Studio Version 17
VisualStudioVersion = 17.0.31903.59
MinimumVisualStudioVersion = 10.0.40219.1
Project("{2150E333-8FDC-42A3-9474-1A3956D46DE8}") = "AccountingService", "AccountingService", "{7F0EA126-51FF-CBAC-EC80-4BE6FCA492A2}"
EndProject
Project("{FAE04EC0-301F-11D3-BF4B-00C04F79EFBC}") = "Accounting.API", "AccountingService\Accounting.API\Accounting.API.csproj", "{B766A3BC-3EF8-4368-899C-49C9D2A761F0}"
EndProject
Project("{FAE04EC0-301F-11D3-BF4B-00C04F79EFBC}") = "Accounting.Service", "AccountingService\Accounting.Service\Accounting.Service.csproj", "{ED8DA172-698A-46BB-B641-FB048EB7B55C}"
EndProject
Project("{FAE04EC0-301F-11D3-BF4B-00C04F79EFBC}") = "Accounting.Repository", "AccountingService\Accounting.Repository\Accounting.Repository.csproj", "{D7A26090-9376-4633-9297-C7D65C5E9518}"
EndProject
Project("{FAE04EC0-301F-11D3-BF4B-00C04F79EFBC}") = "Accounting.Common", "AccountingService\Accounting.Common\Accounting.Common.csproj", "{9875BBD4-8CA9-415C-BBEE-984E372C11DA}"
EndProject
Project("{2150E333-8FDC-42A3-9474-1A3956D46DE8}") = "EmployeeService", "EmployeeService", "{8F88C809-3458-DB09-A47C-BC08EA9618F6}"
EndProject
Project("{FAE04EC0-301F-11D3-BF4B-00C04F79EFBC}") = "Employee.API", "EmployeeService\Employee.API\Employee.API.csproj", "{E949DAC3-1A99-4F8F-ADFC-E9188EC1EE04}"
EndProject
Project("{FAE04EC0-301F-11D3-BF4B-00C04F79EFBC}") = "Employee.Service", "EmployeeService\Employee.Service\Employee.Service.csproj", "{9C0EAEFD-07F9-4C4C-9F54-8781D571878E}"
EndProject
Project("{FAE04EC0-301F-11D3-BF4B-00C04F79EFBC}") = "Employee.Repository", "EmployeeService\Employee.Repository\Employee.Repository.csproj", "{EE67B9C3-35A1-4AAF-9951-F11E191B6631}"
EndProject
Project("{FAE04EC0-301F-11D3-BF4B-00C04F79EFBC}") = "Employee.Common", "EmployeeService\Employee.Common\Employee.Common.csproj", "{E4BB1BF3-839C-480A-A267-F48E9402B068}"
EndProject
Project("{2150E333-8FDC-42A3-9474-1A3956D46DE8}") = "MicroserviceGateway", "MicroserviceGateway", "{D82EAE68-2C92-46BA-E68F-07DF2989FE02}"
EndProject
Project("{FAE04EC0-301F-11D3-BF4B-00C04F79EFBC}") = "Gateway.API", "MicroserviceGateway\Gateway.API\Gateway.API.csproj", "{37BDB0D8-FDB2-420B-AD9C-331961BA5FA2}"
EndProject
Project("{2150E333-8FDC-42A3-9474-1A3956D46DE8}") = "AuthService", "AuthService", "{54C27F26-71CB-9721-02CF-9E5332C2F895}"
EndProject
Project("{FAE04EC0-301F-11D3-BF4B-00C04F79EFBC}") = "Auth.API", "AuthService\Auth.API\Auth.API.csproj", "{DD433907-0CC3-4BE5-A65A-9921B78F265A}"
EndProject
Project("{FAE04EC0-301F-11D3-BF4B-00C04F79EFBC}") = "Auth.Service", "AuthService\Auth.Service\Auth.Service.csproj", "{4DE00D7B-E5F4-4716-B9E3-402BF556E697}"
EndProject
Project("{FAE04EC0-301F-11D3-BF4B-00C04F79EFBC}") = "Auth.Repository", "AuthService\Auth.Repository\Auth.Repository.csproj", "{0554CA94-CB8C-4661-B7BC-549321DEBF75}"
EndProject
Project("{FAE04EC0-301F-11D3-BF4B-00C04F79EFBC}") = "Auth.Common", "AuthService\Auth.Common\Auth.Common.csproj", "{3ADF6C20-492F-4733-9FE9-C40AE19D47F8}"
EndProject
Project("{2150E333-8FDC-42A3-9474-1A3956D46DE8}") = "ProductService", "ProductService", "{74B0D46A-C2A4-54DC-F940-E5841734F66C}"
EndProject
Project("{FAE04EC0-301F-11D3-BF4B-00C04F79EFBC}") = "Product.API", "ProductService\Product.API\Product.API.csproj", "{BA5DD65F-E943-47C8-B529-F45D3BA5947E}"
EndProject
Project("{FAE04EC0-301F-11D3-BF4B-00C04F79EFBC}") = "Product.Service", "ProductService\Product.Service\Product.Service.csproj", "{190769E4-D06F-4235-B3EB-CBF308A54B7F}"
EndProject
Project("{FAE04EC0-301F-11D3-BF4B-00C04F79EFBC}") = "Product.Repository", "ProductService\Product.Repository\Product.Repository.csproj", "{443779F4-DA93-487F-BFC2-005772A96E19}"
EndProject
Project("{FAE04EC0-301F-11D3-BF4B-00C04F79EFBC}") = "Product.Common", "ProductService\Product.Common\Product.Common.csproj", "{2F3BCAB7-5EE6-4449-9B31-85E75ED394DA}"
EndProject
Project("{2150E333-8FDC-42A3-9474-1A3956D46DE8}") = "OrderService", "OrderService", "{1CDB8257-D98E-AF38-204D-5645D4EEB404}"
EndProject
Project("{FAE04EC0-301F-11D3-BF4B-00C04F79EFBC}") = "Order.API", "OrderService\Order.API\Order.API.csproj", "{BAB53BDE-D2F9-4CF2-A24F-A83EBA80D878}"
EndProject
Project("{FAE04EC0-301F-11D3-BF4B-00C04F79EFBC}") = "Order.Service", "OrderService\Order.Service\Order.Service.csproj", "{2EC66264-B85C-4F09-A39F-5CDE0C018C48}"
EndProject
Project("{FAE04EC0-301F-11D3-BF4B-00C04F79EFBC}") = "Order.Repository", "OrderService\Order.Repository\Order.Repository.csproj", "{50FE9C9F-35C1-43A1-A08B-0BF04EC18F5F}"
EndProject
Project("{FAE04EC0-301F-11D3-BF4B-00C04F79EFBC}") = "Order.Common", "OrderService\Order.Common\Order.Common.csproj", "{0B6C6B18-7CCD-4E63-9223-6EEF83E94742}"
EndProject
Project("{2150E333-8FDC-42A3-9474-1A3956D46DE8}") = "CustomerService", "CustomerService", "{2FA8F305-DE38-4927-6B72-6521E67971D8}"
EndProject
Project("{FAE04EC0-301F-11D3-BF4B-00C04F79EFBC}") = "Customer.API", "CustomerService\Customer.API\Customer.API.csproj", "{5BCA734B-AD73-4B1D-982C-0B8406A69B63}"
EndProject
Project("{FAE04EC0-301F-11D3-BF4B-00C04F79EFBC}") = "Customer.Service", "CustomerService\Customer.Service\Customer.Service.csproj", "{94C1BCC6-218F-4D0D-AAC2-DFA0364C7615}"
EndProject
Project("{FAE04EC0-301F-11D3-BF4B-00C04F79EFBC}") = "Customer.Repository", "CustomerService\Customer.Repository\Customer.Repository.csproj", "{F03F9876-B66C-48ED-B1BF-77B4768BA871}"
EndProject
Project("{FAE04EC0-301F-11D3-BF4B-00C04F79EFBC}") = "Customer.Common", "CustomerService\Customer.Common\Customer.Common.csproj", "{B85FF394-16BC-4540-B6E3-0F629B40A2A1}"
EndProject
Project("{2150E333-8FDC-42A3-9474-1A3956D46DE8}") = "InventoryService", "InventoryService", "{2C0108AB-5D27-61AE-3E27-841A964D9CD4}"
EndProject
Project("{FAE04EC0-301F-11D3-BF4B-00C04F79EFBC}") = "Inventory.API", "InventoryService\Inventory.API\Inventory.API.csproj", "{E89C2908-02D3-43C4-B7DA-E6BCC81FCE6C}"
EndProject
Project("{FAE04EC0-301F-11D3-BF4B-00C04F79EFBC}") = "Inventory.Service", "InventoryService\Inventory.Service\Inventory.Service.csproj", "{5E2C0946-206B-4C60-A132-E9C8EEB9283E}"
EndProject
Project("{FAE04EC0-301F-11D3-BF4B-00C04F79EFBC}") = "Inventory.Repository", "InventoryService\Inventory.Repository\Inventory.Repository.csproj", "{91EB7130-A452-412E-9B3D-D5BFD40CD04C}"
EndProject
Project("{FAE04EC0-301F-11D3-BF4B-00C04F79EFBC}") = "Inventory.Common", "InventoryService\Inventory.Common\Inventory.Common.csproj", "{17E33B37-6BAD-449D-920D-634829F1B48B}"
EndProject
Global
	GlobalSection(SolutionConfigurationPlatforms) = preSolution
		Debug|Any CPU = Debug|Any CPU
		Debug|x64 = Debug|x64
		Debug|x86 = Debug|x86
		Release|Any CPU = Release|Any CPU
		Release|x64 = Release|x64
		Release|x86 = Release|x86
	EndGlobalSection
	GlobalSection(ProjectConfigurationPlatforms) = postSolution
		{B766A3BC-3EF8-4368-899C-49C9D2A761F0}.Debug|Any CPU.ActiveCfg = Debug|Any CPU
		{B766A3BC-3EF8-4368-899C-49C9D2A761F0}.Debug|Any CPU.Build.0 = Debug|Any CPU
		{B766A3BC-3EF8-4368-899C-49C9D2A761F0}.Debug|x64.ActiveCfg = Debug|Any CPU
		{B766A3BC-3EF8-4368-899C-49C9D2A761F0}.Debug|x64.Build.0 = Debug|Any CPU
		{B766A3BC-3EF8-4368-899C-49C9D2A761F0}.Debug|x86.ActiveCfg = Debug|Any CPU
		{B766A3BC-3EF8-4368-899C-49C9D2A761F0}.Debug|x86.Build.0 = Debug|Any CPU
		{B766A3BC-3EF8-4368-899C-49C9D2A761F0}.Release|Any CPU.ActiveCfg = Release|Any CPU
		{B766A3BC-3EF8-4368-899C-49C9D2A761F0}.Release|Any CPU.Build.0 = Release|Any CPU
		{B766A3BC-3EF8-4368-899C-49C9D2A761F0}.Release|x64.ActiveCfg = Release|Any CPU
		{B766A3BC-3EF8-4368-899C-49C9D2A761F0}.Release|x64.Build.0 = Release|Any CPU
		{B766A3BC-3EF8-4368-899C-49C9D2A761F0}.Release|x86.ActiveCfg = Release|Any CPU
		{B766A3BC-3EF8-4368-899C-49C9D2A761F0}.Release|x86.Build.0 = Release|Any CPU
		{ED8DA172-698A-46BB-B641-FB048EB7B55C}.Debug|Any CPU.ActiveCfg = Debug|Any CPU
		{ED8DA172-698A-46BB-B641-FB048EB7B55C}.Debug|Any CPU.Build.0 = Debug|Any CPU
		{ED8DA172-698A-46BB-B641-FB048EB7B55C}.Debug|x64.ActiveCfg = Debug|Any CPU
		{ED8DA172-698A-46BB-B641-FB048EB7B55C}.Debug|x64.Build.0 = Debug|Any CPU
		{ED8DA172-698A-46BB-B641-FB048EB7B55C}.Debug|x86.ActiveCfg = Debug|Any CPU
		{ED8DA172-698A-46BB-B641-FB048EB7B55C}.Debug|x86.Build.0 = Debug|Any CPU
		{ED8DA172-698A-46BB-B641-FB048EB7B55C}.Release|Any CPU.ActiveCfg = Release|Any CPU
		{ED8DA172-698A-46BB-B641-FB048EB7B55C}.Release|Any CPU.Build.0 = Release|Any CPU
		{ED8DA172-698A-46BB-B641-FB048EB7B55C}.Release|x64.ActiveCfg = Release|Any CPU
		{ED8DA172-698A-46BB-B641-FB048EB7B55C}.Release|x64.Build.0 = Release|Any CPU
		{ED8DA172-698A-46BB-B641-FB048EB7B55C}.Release|x86.ActiveCfg = Release|Any CPU
		{ED8DA172-698A-46BB-B641-FB048EB7B55C}.Release|x86.Build.0 = Release|Any CPU
		{D7A26090-9376-4633-9297-C7D65C5E9518}.Debug|Any CPU.ActiveCfg = Debug|Any CPU
		{D7A26090-9376-4633-9297-C7D65C5E9518}.Debug|Any CPU.Build.0 = Debug|Any CPU
		{D7A26090-9376-4633-9297-C7D65C5E9518}.Debug|x64.ActiveCfg = Debug|Any CPU
		{D7A26090-9376-4633-9297-C7D65C5E9518}.Debug|x64.Build.0 = Debug|Any CPU
		{D7A26090-9376-4633-9297-C7D65C5E9518}.Debug|x86.ActiveCfg = Debug|Any CPU
		{D7A26090-9376-4633-9297-C7D65C5E9518}.Debug|x86.Build.0 = Debug|Any CPU
		{D7A26090-9376-4633-9297-C7D65C5E9518}.Release|Any CPU.ActiveCfg = Release|Any CPU
		{D7A26090-9376-4633-9297-C7D65C5E9518}.Release|Any CPU.Build.0 = Release|Any CPU
		{D7A26090-9376-4633-9297-C7D65C5E9518}.Release|x64.ActiveCfg = Release|Any CPU
		{D7A26090-9376-4633-9297-C7D65C5E9518}.Release|x64.Build.0 = Release|Any CPU
		{D7A26090-9376-4633-9297-C7D65C5E9518}.Release|x86.ActiveCfg = Release|Any CPU
		{D7A26090-9376-4633-9297-C7D65C5E9518}.Release|x86.Build.0 = Release|Any CPU
		{9875BBD4-8CA9-415C-BBEE-984E372C11DA}.Debug|Any CPU.ActiveCfg = Debug|Any CPU
		{9875BBD4-8CA9-415C-BBEE-984E372C11DA}.Debug|Any CPU.Build.0 = Debug|Any CPU
		{9875BBD4-8CA9-415C-BBEE-984E372C11DA}.Debug|x64.ActiveCfg = Debug|Any CPU
		{9875BBD4-8CA9-415C-BBEE-984E372C11DA}.Debug|x64.Build.0 = Debug|Any CPU
		{9875BBD4-8CA9-415C-BBEE-984E372C11DA}.Debug|x86.ActiveCfg = Debug|Any CPU
		{9875BBD4-8CA9-415C-BBEE-984E372C11DA}.Debug|x86.Build.0 = Debug|Any CPU
		{9875BBD4-8CA9-415C-BBEE-984E372C11DA}.Release|Any CPU.ActiveCfg = Release|Any CPU
		{9875BBD4-8CA9-415C-BBEE-984E372C11DA}.Release|Any CPU.Build.0 = Release|Any CPU
		{9875BBD4-8CA9-415C-BBEE-984E372C11DA}.Release|x64.ActiveCfg = Release|Any CPU
		{9875BBD4-8CA9-415C-BBEE-984E372C11DA}.Release|x64.Build.0 = Release|Any CPU
		{9875BBD4-8CA9-415C-BBEE-984E372C11DA}.Release|x86.ActiveCfg = Release|Any CPU
		{9875BBD4-8CA9-415C-BBEE-984E372C11DA}.Release|x86.Build.0 = Release|Any CPU
		{E949DAC3-1A99-4F8F-ADFC-E9188EC1EE04}.Debug|Any CPU.ActiveCfg = Debug|Any CPU
		{E949DAC3-1A99-4F8F-ADFC-E9188EC1EE04}.Debug|Any CPU.Build.0 = Debug|Any CPU
		{E949DAC3-1A99-4F8F-ADFC-E9188EC1EE04}.Debug|x64.ActiveCfg = Debug|Any CPU
		{E949DAC3-1A99-4F8F-ADFC-E9188EC1EE04}.Debug|x64.Build.0 = Debug|Any CPU
		{E949DAC3-1A99-4F8F-ADFC-E9188EC1EE04}.Debug|x86.ActiveCfg = Debug|Any CPU
		{E949DAC3-1A99-4F8F-ADFC-E9188EC1EE04}.Debug|x86.Build.0 = Debug|Any CPU
		{E949DAC3-1A99-4F8F-ADFC-E9188EC1EE04}.Release|Any CPU.ActiveCfg = Release|Any CPU
		{E949DAC3-1A99-4F8F-ADFC-E9188EC1EE04}.Release|Any CPU.Build.0 = Release|Any CPU
		{E949DAC3-1A99-4F8F-ADFC-E9188EC1EE04}.Release|x64.ActiveCfg = Release|Any CPU
		{E949DAC3-1A99-4F8F-ADFC-E9188EC1EE04}.Release|x64.Build.0 = Release|Any CPU
		{E949DAC3-1A99-4F8F-ADFC-E9188EC1EE04}.Release|x86.ActiveCfg = Release|Any CPU
		{E949DAC3-1A99-4F8F-ADFC-E9188EC1EE04}.Release|x86.Build.0 = Release|Any CPU
		{9C0EAEFD-07F9-4C4C-9F54-8781D571878E}.Debug|Any CPU.ActiveCfg = Debug|Any CPU
		{9C0EAEFD-07F9-4C4C-9F54-8781D571878E}.Debug|Any CPU.Build.0 = Debug|Any CPU
		{9C0EAEFD-07F9-4C4C-9F54-8781D571878E}.Debug|x64.ActiveCfg = Debug|Any CPU
		{9C0EAEFD-07F9-4C4C-9F54-8781D571878E}.Debug|x64.Build.0 = Debug|Any CPU
		{9C0EAEFD-07F9-4C4C-9F54-8781D571878E}.Debug|x86.ActiveCfg = Debug|Any CPU
		{9C0EAEFD-07F9-4C4C-9F54-8781D571878E}.Debug|x86.Build.0 = Debug|Any CPU
		{9C0EAEFD-07F9-4C4C-9F54-8781D571878E}.Release|Any CPU.ActiveCfg = Release|Any CPU
		{9C0EAEFD-07F9-4C4C-9F54-8781D571878E}.Release|Any CPU.Build.0 = Release|Any CPU
		{9C0EAEFD-07F9-4C4C-9F54-8781D571878E}.Release|x64.ActiveCfg = Release|Any CPU
		{9C0EAEFD-07F9-4C4C-9F54-8781D571878E}.Release|x64.Build.0 = Release|Any CPU
		{9C0EAEFD-07F9-4C4C-9F54-8781D571878E}.Release|x86.ActiveCfg = Release|Any CPU
		{9C0EAEFD-07F9-4C4C-9F54-8781D571878E}.Release|x86.Build.0 = Release|Any CPU
		{EE67B9C3-35A1-4AAF-9951-F11E191B6631}.Debug|Any CPU.ActiveCfg = Debug|Any CPU
		{EE67B9C3-35A1-4AAF-9951-F11E191B6631}.Debug|Any CPU.Build.0 = Debug|Any CPU
		{EE67B9C3-35A1-4AAF-9951-F11E191B6631}.Debug|x64.ActiveCfg = Debug|Any CPU
		{EE67B9C3-35A1-4AAF-9951-F11E191B6631}.Debug|x64.Build.0 = Debug|Any CPU
		{EE67B9C3-35A1-4AAF-9951-F11E191B6631}.Debug|x86.ActiveCfg = Debug|Any CPU
		{EE67B9C3-35A1-4AAF-9951-F11E191B6631}.Debug|x86.Build.0 = Debug|Any CPU
		{EE67B9C3-35A1-4AAF-9951-F11E191B6631}.Release|Any CPU.ActiveCfg = Release|Any CPU
		{EE67B9C3-35A1-4AAF-9951-F11E191B6631}.Release|Any CPU.Build.0 = Release|Any CPU
		{EE67B9C3-35A1-4AAF-9951-F11E191B6631}.Release|x64.ActiveCfg = Release|Any CPU
		{EE67B9C3-35A1-4AAF-9951-F11E191B6631}.Release|x64.Build.0 = Release|Any CPU
		{EE67B9C3-35A1-4AAF-9951-F11E191B6631}.Release|x86.ActiveCfg = Release|Any CPU
		{EE67B9C3-35A1-4AAF-9951-F11E191B6631}.Release|x86.Build.0 = Release|Any CPU
		{E4BB1BF3-839C-480A-A267-F48E9402B068}.Debug|Any CPU.ActiveCfg = Debug|Any CPU
		{E4BB1BF3-839C-480A-A267-F48E9402B068}.Debug|Any CPU.Build.0 = Debug|Any CPU
		{E4BB1BF3-839C-480A-A267-F48E9402B068}.Debug|x64.ActiveCfg = Debug|Any CPU
		{E4BB1BF3-839C-480A-A267-F48E9402B068}.Debug|x64.Build.0 = Debug|Any CPU
		{E4BB1BF3-839C-480A-A267-F48E9402B068}.Debug|x86.ActiveCfg = Debug|Any CPU
		{E4BB1BF3-839C-480A-A267-F48E9402B068}.Debug|x86.Build.0 = Debug|Any CPU
		{E4BB1BF3-839C-480A-A267-F48E9402B068}.Release|Any CPU.ActiveCfg = Release|Any CPU
		{E4BB1BF3-839C-480A-A267-F48E9402B068}.Release|Any CPU.Build.0 = Release|Any CPU
		{E4BB1BF3-839C-480A-A267-F48E9402B068}.Release|x64.ActiveCfg = Release|Any CPU
		{E4BB1BF3-839C-480A-A267-F48E9402B068}.Release|x64.Build.0 = Release|Any CPU
		{E4BB1BF3-839C-480A-A267-F48E9402B068}.Release|x86.ActiveCfg = Release|Any CPU
		{E4BB1BF3-839C-480A-A267-F48E9402B068}.Release|x86.Build.0 = Release|Any CPU
		{37BDB0D8-FDB2-420B-AD9C-331961BA5FA2}.Debug|Any CPU.ActiveCfg = Debug|Any CPU
		{37BDB0D8-FDB2-420B-AD9C-331961BA5FA2}.Debug|Any CPU.Build.0 = Debug|Any CPU
		{37BDB0D8-FDB2-420B-AD9C-331961BA5FA2}.Debug|x64.ActiveCfg = Debug|Any CPU
		{37BDB0D8-FDB2-420B-AD9C-331961BA5FA2}.Debug|x64.Build.0 = Debug|Any CPU
		{37BDB0D8-FDB2-420B-AD9C-331961BA5FA2}.Debug|x86.ActiveCfg = Debug|Any CPU
		{37BDB0D8-FDB2-420B-AD9C-331961BA5FA2}.Debug|x86.Build.0 = Debug|Any CPU
		{37BDB0D8-FDB2-420B-AD9C-331961BA5FA2}.Release|Any CPU.ActiveCfg = Release|Any CPU
		{37BDB0D8-FDB2-420B-AD9C-331961BA5FA2}.Release|Any CPU.Build.0 = Release|Any CPU
		{37BDB0D8-FDB2-420B-AD9C-331961BA5FA2}.Release|x64.ActiveCfg = Release|Any CPU
		{37BDB0D8-FDB2-420B-AD9C-331961BA5FA2}.Release|x64.Build.0 = Release|Any CPU
		{37BDB0D8-FDB2-420B-AD9C-331961BA5FA2}.Release|x86.ActiveCfg = Release|Any CPU
		{37BDB0D8-FDB2-420B-AD9C-331961BA5FA2}.Release|x86.Build.0 = Release|Any CPU
		{DD433907-0CC3-4BE5-A65A-9921B78F265A}.Debug|Any CPU.ActiveCfg = Debug|Any CPU
		{DD433907-0CC3-4BE5-A65A-9921B78F265A}.Debug|Any CPU.Build.0 = Debug|Any CPU
		{DD433907-0CC3-4BE5-A65A-9921B78F265A}.Debug|x64.ActiveCfg = Debug|Any CPU
		{DD433907-0CC3-4BE5-A65A-9921B78F265A}.Debug|x64.Build.0 = Debug|Any CPU
		{DD433907-0CC3-4BE5-A65A-9921B78F265A}.Debug|x86.ActiveCfg = Debug|Any CPU
		{DD433907-0CC3-4BE5-A65A-9921B78F265A}.Debug|x86.Build.0 = Debug|Any CPU
		{DD433907-0CC3-4BE5-A65A-9921B78F265A}.Release|Any CPU.ActiveCfg = Release|Any CPU
		{DD433907-0CC3-4BE5-A65A-9921B78F265A}.Release|Any CPU.Build.0 = Release|Any CPU
		{DD433907-0CC3-4BE5-A65A-9921B78F265A}.Release|x64.ActiveCfg = Release|Any CPU
		{DD433907-0CC3-4BE5-A65A-9921B78F265A}.Release|x64.Build.0 = Release|Any CPU
		{DD433907-0CC3-4BE5-A65A-9921B78F265A}.Release|x86.ActiveCfg = Release|Any CPU
		{DD433907-0CC3-4BE5-A65A-9921B78F265A}.Release|x86.Build.0 = Release|Any CPU
		{4DE00D7B-E5F4-4716-B9E3-402BF556E697}.Debug|Any CPU.ActiveCfg = Debug|Any CPU
		{4DE00D7B-E5F4-4716-B9E3-402BF556E697}.Debug|Any CPU.Build.0 = Debug|Any CPU
		{4DE00D7B-E5F4-4716-B9E3-402BF556E697}.Debug|x64.ActiveCfg = Debug|Any CPU
		{4DE00D7B-E5F4-4716-B9E3-402BF556E697}.Debug|x64.Build.0 = Debug|Any CPU
		{4DE00D7B-E5F4-4716-B9E3-402BF556E697}.Debug|x86.ActiveCfg = Debug|Any CPU
		{4DE00D7B-E5F4-4716-B9E3-402BF556E697}.Debug|x86.Build.0 = Debug|Any CPU
		{4DE00D7B-E5F4-4716-B9E3-402BF556E697}.Release|Any CPU.ActiveCfg = Release|Any CPU
		{4DE00D7B-E5F4-4716-B9E3-402BF556E697}.Release|Any CPU.Build.0 = Release|Any CPU
		{4DE00D7B-E5F4-4716-B9E3-402BF556E697}.Release|x64.ActiveCfg = Release|Any CPU
		{4DE00D7B-E5F4-4716-B9E3-402BF556E697}.Release|x64.Build.0 = Release|Any CPU
		{4DE00D7B-E5F4-4716-B9E3-402BF556E697}.Release|x86.ActiveCfg = Release|Any CPU
		{4DE00D7B-E5F4-4716-B9E3-402BF556E697}.Release|x86.Build.0 = Release|Any CPU
		{0554CA94-CB8C-4661-B7BC-549321DEBF75}.Debug|Any CPU.ActiveCfg = Debug|Any CPU
		{0554CA94-CB8C-4661-B7BC-549321DEBF75}.Debug|Any CPU.Build.0 = Debug|Any CPU
		{0554CA94-CB8C-4661-B7BC-549321DEBF75}.Debug|x64.ActiveCfg = Debug|Any CPU
		{0554CA94-CB8C-4661-B7BC-549321DEBF75}.Debug|x64.Build.0 = Debug|Any CPU
		{0554CA94-CB8C-4661-B7BC-549321DEBF75}.Debug|x86.ActiveCfg = Debug|Any CPU
		{0554CA94-CB8C-4661-B7BC-549321DEBF75}.Debug|x86.Build.0 = Debug|Any CPU
		{0554CA94-CB8C-4661-B7BC-549321DEBF75}.Release|Any CPU.ActiveCfg = Release|Any CPU
		{0554CA94-CB8C-4661-B7BC-549321DEBF75}.Release|Any CPU.Build.0 = Release|Any CPU
		{0554CA94-CB8C-4661-B7BC-549321DEBF75}.Release|x64.ActiveCfg = Release|Any CPU
		{0554CA94-CB8C-4661-B7BC-549321DEBF75}.Release|x64.Build.0 = Release|Any CPU
		{0554CA94-CB8C-4661-B7BC-549321DEBF75}.Release|x86.ActiveCfg = Release|Any CPU
		{0554CA94-CB8C-4661-B7BC-549321DEBF75}.Release|x86.Build.0 = Release|Any CPU
		{3ADF6C20-492F-4733-9FE9-C40AE19D47F8}.Debug|Any CPU.ActiveCfg = Debug|Any CPU
		{3ADF6C20-492F-4733-9FE9-C40AE19D47F8}.Debug|Any CPU.Build.0 = Debug|Any CPU
		{3ADF6C20-492F-4733-9FE9-C40AE19D47F8}.Debug|x64.ActiveCfg = Debug|Any CPU
		{3ADF6C20-492F-4733-9FE9-C40AE19D47F8}.Debug|x64.Build.0 = Debug|Any CPU
		{3ADF6C20-492F-4733-9FE9-C40AE19D47F8}.Debug|x86.ActiveCfg = Debug|Any CPU
		{3ADF6C20-492F-4733-9FE9-C40AE19D47F8}.Debug|x86.Build.0 = Debug|Any CPU
		{3ADF6C20-492F-4733-9FE9-C40AE19D47F8}.Release|Any CPU.ActiveCfg = Release|Any CPU
		{3ADF6C20-492F-4733-9FE9-C40AE19D47F8}.Release|Any CPU.Build.0 = Release|Any CPU
		{3ADF6C20-492F-4733-9FE9-C40AE19D47F8}.Release|x64.ActiveCfg = Release|Any CPU
		{3ADF6C20-492F-4733-9FE9-C40AE19D47F8}.Release|x64.Build.0 = Release|Any CPU
		{3ADF6C20-492F-4733-9FE9-C40AE19D47F8}.Release|x86.ActiveCfg = Release|Any CPU
		{3ADF6C20-492F-4733-9FE9-C40AE19D47F8}.Release|x86.Build.0 = Release|Any CPU
		{BA5DD65F-E943-47C8-B529-F45D3BA5947E}.Debug|Any CPU.ActiveCfg = Debug|Any CPU
		{BA5DD65F-E943-47C8-B529-F45D3BA5947E}.Debug|Any CPU.Build.0 = Debug|Any CPU
		{BA5DD65F-E943-47C8-B529-F45D3BA5947E}.Debug|x64.ActiveCfg = Debug|Any CPU
		{BA5DD65F-E943-47C8-B529-F45D3BA5947E}.Debug|x64.Build.0 = Debug|Any CPU
		{BA5DD65F-E943-47C8-B529-F45D3BA5947E}.Debug|x86.ActiveCfg = Debug|Any CPU
		{BA5DD65F-E943-47C8-B529-F45D3BA5947E}.Debug|x86.Build.0 = Debug|Any CPU
		{BA5DD65F-E943-47C8-B529-F45D3BA5947E}.Release|Any CPU.ActiveCfg = Release|Any CPU
		{BA5DD65F-E943-47C8-B529-F45D3BA5947E}.Release|Any CPU.Build.0 = Release|Any CPU
		{BA5DD65F-E943-47C8-B529-F45D3BA5947E}.Release|x64.ActiveCfg = Release|Any CPU
		{BA5DD65F-E943-47C8-B529-F45D3BA5947E}.Release|x64.Build.0 = Release|Any CPU
		{BA5DD65F-E943-47C8-B529-F45D3BA5947E}.Release|x86.ActiveCfg = Release|Any CPU
		{BA5DD65F-E943-47C8-B529-F45D3BA5947E}.Release|x86.Build.0 = Release|Any CPU
		{190769E4-D06F-4235-B3EB-CBF308A54B7F}.Debug|Any CPU.ActiveCfg = Debug|Any CPU
		{190769E4-D06F-4235-B3EB-CBF308A54B7F}.Debug|Any CPU.Build.0 = Debug|Any CPU
		{190769E4-D06F-4235-B3EB-CBF308A54B7F}.Debug|x64.ActiveCfg = Debug|Any CPU
		{190769E4-D06F-4235-B3EB-CBF308A54B7F}.Debug|x64.Build.0 = Debug|Any CPU
		{190769E4-D06F-4235-B3EB-CBF308A54B7F}.Debug|x86.ActiveCfg = Debug|Any CPU
		{190769E4-D06F-4235-B3EB-CBF308A54B7F}.Debug|x86.Build.0 = Debug|Any CPU
		{190769E4-D06F-4235-B3EB-CBF308A54B7F}.Release|Any CPU.ActiveCfg = Release|Any CPU
		{190769E4-D06F-4235-B3EB-CBF308A54B7F}.Release|Any CPU.Build.0 = Release|Any CPU
		{190769E4-D06F-4235-B3EB-CBF308A54B7F}.Release|x64.ActiveCfg = Release|Any CPU
		{190769E4-D06F-4235-B3EB-CBF308A54B7F}.Release|x64.Build.0 = Release|Any CPU
		{190769E4-D06F-4235-B3EB-CBF308A54B7F}.Release|x86.ActiveCfg = Release|Any CPU
		{190769E4-D06F-4235-B3EB-CBF308A54B7F}.Release|x86.Build.0 = Release|Any CPU
		{443779F4-DA93-487F-BFC2-005772A96E19}.Debug|Any CPU.ActiveCfg = Debug|Any CPU
		{443779F4-DA93-487F-BFC2-005772A96E19}.Debug|Any CPU.Build.0 = Debug|Any CPU
		{443779F4-DA93-487F-BFC2-005772A96E19}.Debug|x64.ActiveCfg = Debug|Any CPU
		{443779F4-DA93-487F-BFC2-005772A96E19}.Debug|x64.Build.0 = Debug|Any CPU
		{443779F4-DA93-487F-BFC2-005772A96E19}.Debug|x86.ActiveCfg = Debug|Any CPU
		{443779F4-DA93-487F-BFC2-005772A96E19}.Debug|x86.Build.0 = Debug|Any CPU
		{443779F4-DA93-487F-BFC2-005772A96E19}.Release|Any CPU.ActiveCfg = Release|Any CPU
		{443779F4-DA93-487F-BFC2-005772A96E19}.Release|Any CPU.Build.0 = Release|Any CPU
		{443779F4-DA93-487F-BFC2-005772A96E19}.Release|x64.ActiveCfg = Release|Any CPU
		{443779F4-DA93-487F-BFC2-005772A96E19}.Release|x64.Build.0 = Release|Any CPU
		{443779F4-DA93-487F-BFC2-005772A96E19}.Release|x86.ActiveCfg = Release|Any CPU
		{443779F4-DA93-487F-BFC2-005772A96E19}.Release|x86.Build.0 = Release|Any CPU
		{2F3BCAB7-5EE6-4449-9B31-85E75ED394DA}.Debug|Any CPU.ActiveCfg = Debug|Any CPU
		{2F3BCAB7-5EE6-4449-9B31-85E75ED394DA}.Debug|Any CPU.Build.0 = Debug|Any CPU
		{2F3BCAB7-5EE6-4449-9B31-85E75ED394DA}.Debug|x64.ActiveCfg = Debug|Any CPU
		{2F3BCAB7-5EE6-4449-9B31-85E75ED394DA}.Debug|x64.Build.0 = Debug|Any CPU
		{2F3BCAB7-5EE6-4449-9B31-85E75ED394DA}.Debug|x86.ActiveCfg = Debug|Any CPU
		{2F3BCAB7-5EE6-4449-9B31-85E75ED394DA}.Debug|x86.Build.0 = Debug|Any CPU
		{2F3BCAB7-5EE6-4449-9B31-85E75ED394DA}.Release|Any CPU.ActiveCfg = Release|Any CPU
		{2F3BCAB7-5EE6-4449-9B31-85E75ED394DA}.Release|Any CPU.Build.0 = Release|Any CPU
		{2F3BCAB7-5EE6-4449-9B31-85E75ED394DA}.Release|x64.ActiveCfg = Release|Any CPU
		{2F3BCAB7-5EE6-4449-9B31-85E75ED394DA}.Release|x64.Build.0 = Release|Any CPU
		{2F3BCAB7-5EE6-4449-9B31-85E75ED394DA}.Release|x86.ActiveCfg = Release|Any CPU
		{2F3BCAB7-5EE6-4449-9B31-85E75ED394DA}.Release|x86.Build.0 = Release|Any CPU
		{BAB53BDE-D2F9-4CF2-A24F-A83EBA80D878}.Debug|Any CPU.ActiveCfg = Debug|Any CPU
		{BAB53BDE-D2F9-4CF2-A24F-A83EBA80D878}.Debug|Any CPU.Build.0 = Debug|Any CPU
		{BAB53BDE-D2F9-4CF2-A24F-A83EBA80D878}.Debug|x64.ActiveCfg = Debug|Any CPU
		{BAB53BDE-D2F9-4CF2-A24F-A83EBA80D878}.Debug|x64.Build.0 = Debug|Any CPU
		{BAB53BDE-D2F9-4CF2-A24F-A83EBA80D878}.Debug|x86.ActiveCfg = Debug|Any CPU
		{BAB53BDE-D2F9-4CF2-A24F-A83EBA80D878}.Debug|x86.Build.0 = Debug|Any CPU
		{BAB53BDE-D2F9-4CF2-A24F-A83EBA80D878}.Release|Any CPU.ActiveCfg = Release|Any CPU
		{BAB53BDE-D2F9-4CF2-A24F-A83EBA80D878}.Release|Any CPU.Build.0 = Release|Any CPU
		{BAB53BDE-D2F9-4CF2-A24F-A83EBA80D878}.Release|x64.ActiveCfg = Release|Any CPU
		{BAB53BDE-D2F9-4CF2-A24F-A83EBA80D878}.Release|x64.Build.0 = Release|Any CPU
		{BAB53BDE-D2F9-4CF2-A24F-A83EBA80D878}.Release|x86.ActiveCfg = Release|Any CPU
		{BAB53BDE-D2F9-4CF2-A24F-A83EBA80D878}.Release|x86.Build.0 = Release|Any CPU
		{2EC66264-B85C-4F09-A39F-5CDE0C018C48}.Debug|Any CPU.ActiveCfg = Debug|Any CPU
		{2EC66264-B85C-4F09-A39F-5CDE0C018C48}.Debug|Any CPU.Build.0 = Debug|Any CPU
		{2EC66264-B85C-4F09-A39F-5CDE0C018C48}.Debug|x64.ActiveCfg = Debug|Any CPU
		{2EC66264-B85C-4F09-A39F-5CDE0C018C48}.Debug|x64.Build.0 = Debug|Any CPU
		{2EC66264-B85C-4F09-A39F-5CDE0C018C48}.Debug|x86.ActiveCfg = Debug|Any CPU
		{2EC66264-B85C-4F09-A39F-5CDE0C018C48}.Debug|x86.Build.0 = Debug|Any CPU
		{2EC66264-B85C-4F09-A39F-5CDE0C018C48}.Release|Any CPU.ActiveCfg = Release|Any CPU
		{2EC66264-B85C-4F09-A39F-5CDE0C018C48}.Release|Any CPU.Build.0 = Release|Any CPU
		{2EC66264-B85C-4F09-A39F-5CDE0C018C48}.Release|x64.ActiveCfg = Release|Any CPU
		{2EC66264-B85C-4F09-A39F-5CDE0C018C48}.Release|x64.Build.0 = Release|Any CPU
		{2EC66264-B85C-4F09-A39F-5CDE0C018C48}.Release|x86.ActiveCfg = Release|Any CPU
		{2EC66264-B85C-4F09-A39F-5CDE0C018C48}.Release|x86.Build.0 = Release|Any CPU
		{50FE9C9F-35C1-43A1-A08B-0BF04EC18F5F}.Debug|Any CPU.ActiveCfg = Debug|Any CPU
		{50FE9C9F-35C1-43A1-A08B-0BF04EC18F5F}.Debug|Any CPU.Build.0 = Debug|Any CPU
		{50FE9C9F-35C1-43A1-A08B-0BF04EC18F5F}.Debug|x64.ActiveCfg = Debug|Any CPU
		{50FE9C9F-35C1-43A1-A08B-0BF04EC18F5F}.Debug|x64.Build.0 = Debug|Any CPU
		{50FE9C9F-35C1-43A1-A08B-0BF04EC18F5F}.Debug|x86.ActiveCfg = Debug|Any CPU
		{50FE9C9F-35C1-43A1-A08B-0BF04EC18F5F}.Debug|x86.Build.0 = Debug|Any CPU
		{50FE9C9F-35C1-43A1-A08B-0BF04EC18F5F}.Release|Any CPU.ActiveCfg = Release|Any CPU
		{50FE9C9F-35C1-43A1-A08B-0BF04EC18F5F}.Release|Any CPU.Build.0 = Release|Any CPU
		{50FE9C9F-35C1-43A1-A08B-0BF04EC18F5F}.Release|x64.ActiveCfg = Release|Any CPU
		{50FE9C9F-35C1-43A1-A08B-0BF04EC18F5F}.Release|x64.Build.0 = Release|Any CPU
		{50FE9C9F-35C1-43A1-A08B-0BF04EC18F5F}.Release|x86.ActiveCfg = Release|Any CPU
		{50FE9C9F-35C1-43A1-A08B-0BF04EC18F5F}.Release|x86.Build.0 = Release|Any CPU
		{0B6C6B18-7CCD-4E63-9223-6EEF83E94742}.Debug|Any CPU.ActiveCfg = Debug|Any CPU
		{0B6C6B18-7CCD-4E63-9223-6EEF83E94742}.Debug|Any CPU.Build.0 = Debug|Any CPU
		{0B6C6B18-7CCD-4E63-9223-6EEF83E94742}.Debug|x64.ActiveCfg = Debug|Any CPU
		{0B6C6B18-7CCD-4E63-9223-6EEF83E94742}.Debug|x64.Build.0 = Debug|Any CPU
		{0B6C6B18-7CCD-4E63-9223-6EEF83E94742}.Debug|x86.ActiveCfg = Debug|Any CPU
		{0B6C6B18-7CCD-4E63-9223-6EEF83E94742}.Debug|x86.Build.0 = Debug|Any CPU
		{0B6C6B18-7CCD-4E63-9223-6EEF83E94742}.Release|Any CPU.ActiveCfg = Release|Any CPU
		{0B6C6B18-7CCD-4E63-9223-6EEF83E94742}.Release|Any CPU.Build.0 = Release|Any CPU
		{0B6C6B18-7CCD-4E63-9223-6EEF83E94742}.Release|x64.ActiveCfg = Release|Any CPU
		{0B6C6B18-7CCD-4E63-9223-6EEF83E94742}.Release|x64.Build.0 = Release|Any CPU
		{0B6C6B18-7CCD-4E63-9223-6EEF83E94742}.Release|x86.ActiveCfg = Release|Any CPU
		{0B6C6B18-7CCD-4E63-9223-6EEF83E94742}.Release|x86.Build.0 = Release|Any CPU
		{5BCA734B-AD73-4B1D-982C-0B8406A69B63}.Debug|Any CPU.ActiveCfg = Debug|Any CPU
		{5BCA734B-AD73-4B1D-982C-0B8406A69B63}.Debug|Any CPU.Build.0 = Debug|Any CPU
		{5BCA734B-AD73-4B1D-982C-0B8406A69B63}.Debug|x64.ActiveCfg = Debug|Any CPU
		{5BCA734B-AD73-4B1D-982C-0B8406A69B63}.Debug|x64.Build.0 = Debug|Any CPU
		{5BCA734B-AD73-4B1D-982C-0B8406A69B63}.Debug|x86.ActiveCfg = Debug|Any CPU
		{5BCA734B-AD73-4B1D-982C-0B8406A69B63}.Debug|x86.Build.0 = Debug|Any CPU
		{5BCA734B-AD73-4B1D-982C-0B8406A69B63}.Release|Any CPU.ActiveCfg = Release|Any CPU
		{5BCA734B-AD73-4B1D-982C-0B8406A69B63}.Release|Any CPU.Build.0 = Release|Any CPU
		{5BCA734B-AD73-4B1D-982C-0B8406A69B63}.Release|x64.ActiveCfg = Release|Any CPU
		{5BCA734B-AD73-4B1D-982C-0B8406A69B63}.Release|x64.Build.0 = Release|Any CPU
		{5BCA734B-AD73-4B1D-982C-0B8406A69B63}.Release|x86.ActiveCfg = Release|Any CPU
		{5BCA734B-AD73-4B1D-982C-0B8406A69B63}.Release|x86.Build.0 = Release|Any CPU
		{94C1BCC6-218F-4D0D-AAC2-DFA0364C7615}.Debug|Any CPU.ActiveCfg = Debug|Any CPU
		{94C1BCC6-218F-4D0D-AAC2-DFA0364C7615}.Debug|Any CPU.Build.0 = Debug|Any CPU
		{94C1BCC6-218F-4D0D-AAC2-DFA0364C7615}.Debug|x64.ActiveCfg = Debug|Any CPU
		{94C1BCC6-218F-4D0D-AAC2-DFA0364C7615}.Debug|x64.Build.0 = Debug|Any CPU
		{94C1BCC6-218F-4D0D-AAC2-DFA0364C7615}.Debug|x86.ActiveCfg = Debug|Any CPU
		{94C1BCC6-218F-4D0D-AAC2-DFA0364C7615}.Debug|x86.Build.0 = Debug|Any CPU
		{94C1BCC6-218F-4D0D-AAC2-DFA0364C7615}.Release|Any CPU.ActiveCfg = Release|Any CPU
		{94C1BCC6-218F-4D0D-AAC2-DFA0364C7615}.Release|Any CPU.Build.0 = Release|Any CPU
		{94C1BCC6-218F-4D0D-AAC2-DFA0364C7615}.Release|x64.ActiveCfg = Release|Any CPU
		{94C1BCC6-218F-4D0D-AAC2-DFA0364C7615}.Release|x64.Build.0 = Release|Any CPU
		{94C1BCC6-218F-4D0D-AAC2-DFA0364C7615}.Release|x86.ActiveCfg = Release|Any CPU
		{94C1BCC6-218F-4D0D-AAC2-DFA0364C7615}.Release|x86.Build.0 = Release|Any CPU
		{F03F9876-B66C-48ED-B1BF-77B4768BA871}.Debug|Any CPU.ActiveCfg = Debug|Any CPU
		{F03F9876-B66C-48ED-B1BF-77B4768BA871}.Debug|Any CPU.Build.0 = Debug|Any CPU
		{F03F9876-B66C-48ED-B1BF-77B4768BA871}.Debug|x64.ActiveCfg = Debug|Any CPU
		{F03F9876-B66C-48ED-B1BF-77B4768BA871}.Debug|x64.Build.0 = Debug|Any CPU
		{F03F9876-B66C-48ED-B1BF-77B4768BA871}.Debug|x86.ActiveCfg = Debug|Any CPU
		{F03F9876-B66C-48ED-B1BF-77B4768BA871}.Debug|x86.Build.0 = Debug|Any CPU
		{F03F9876-B66C-48ED-B1BF-77B4768BA871}.Release|Any CPU.ActiveCfg = Release|Any CPU
		{F03F9876-B66C-48ED-B1BF-77B4768BA871}.Release|Any CPU.Build.0 = Release|Any CPU
		{F03F9876-B66C-48ED-B1BF-77B4768BA871}.Release|x64.ActiveCfg = Release|Any CPU
		{F03F9876-B66C-48ED-B1BF-77B4768BA871}.Release|x64.Build.0 = Release|Any CPU
		{F03F9876-B66C-48ED-B1BF-77B4768BA871}.Release|x86.ActiveCfg = Release|Any CPU
		{F03F9876-B66C-48ED-B1BF-77B4768BA871}.Release|x86.Build.0 = Release|Any CPU
		{B85FF394-16BC-4540-B6E3-0F629B40A2A1}.Debug|Any CPU.ActiveCfg = Debug|Any CPU
		{B85FF394-16BC-4540-B6E3-0F629B40A2A1}.Debug|Any CPU.Build.0 = Debug|Any CPU
		{B85FF394-16BC-4540-B6E3-0F629B40A2A1}.Debug|x64.ActiveCfg = Debug|Any CPU
		{B85FF394-16BC-4540-B6E3-0F629B40A2A1}.Debug|x64.Build.0 = Debug|Any CPU
		{B85FF394-16BC-4540-B6E3-0F629B40A2A1}.Debug|x86.ActiveCfg = Debug|Any CPU
		{B85FF394-16BC-4540-B6E3-0F629B40A2A1}.Debug|x86.Build.0 = Debug|Any CPU
		{B85FF394-16BC-4540-B6E3-0F629B40A2A1}.Release|Any CPU.ActiveCfg = Release|Any CPU
		{B85FF394-16BC-4540-B6E3-0F629B40A2A1}.Release|Any CPU.Build.0 = Release|Any CPU
		{B85FF394-16BC-4540-B6E3-0F629B40A2A1}.Release|x64.ActiveCfg = Release|Any CPU
		{B85FF394-16BC-4540-B6E3-0F629B40A2A1}.Release|x64.Build.0 = Release|Any CPU
		{B85FF394-16BC-4540-B6E3-0F629B40A2A1}.Release|x86.ActiveCfg = Release|Any CPU
		{B85FF394-16BC-4540-B6E3-0F629B40A2A1}.Release|x86.Build.0 = Release|Any CPU
		{E89C2908-02D3-43C4-B7DA-E6BCC81FCE6C}.Debug|Any CPU.ActiveCfg = Debug|Any CPU
		{E89C2908-02D3-43C4-B7DA-E6BCC81FCE6C}.Debug|Any CPU.Build.0 = Debug|Any CPU
		{E89C2908-02D3-43C4-B7DA-E6BCC81FCE6C}.Debug|x64.ActiveCfg = Debug|Any CPU
		{E89C2908-02D3-43C4-B7DA-E6BCC81FCE6C}.Debug|x64.Build.0 = Debug|Any CPU
		{E89C2908-02D3-43C4-B7DA-E6BCC81FCE6C}.Debug|x86.ActiveCfg = Debug|Any CPU
		{E89C2908-02D3-43C4-B7DA-E6BCC81FCE6C}.Debug|x86.Build.0 = Debug|Any CPU
		{E89C2908-02D3-43C4-B7DA-E6BCC81FCE6C}.Release|Any CPU.ActiveCfg = Release|Any CPU
		{E89C2908-02D3-43C4-B7DA-E6BCC81FCE6C}.Release|Any CPU.Build.0 = Release|Any CPU
		{E89C2908-02D3-43C4-B7DA-E6BCC81FCE6C}.Release|x64.ActiveCfg = Release|Any CPU
		{E89C2908-02D3-43C4-B7DA-E6BCC81FCE6C}.Release|x64.Build.0 = Release|Any CPU
		{E89C2908-02D3-43C4-B7DA-E6BCC81FCE6C}.Release|x86.ActiveCfg = Release|Any CPU
		{E89C2908-02D3-43C4-B7DA-E6BCC81FCE6C}.Release|x86.Build.0 = Release|Any CPU
		{5E2C0946-206B-4C60-A132-E9C8EEB9283E}.Debug|Any CPU.ActiveCfg = Debug|Any CPU
		{5E2C0946-206B-4C60-A132-E9C8EEB9283E}.Debug|Any CPU.Build.0 = Debug|Any CPU
		{5E2C0946-206B-4C60-A132-E9C8EEB9283E}.Debug|x64.ActiveCfg = Debug|Any CPU
		{5E2C0946-206B-4C60-A132-E9C8EEB9283E}.Debug|x64.Build.0 = Debug|Any CPU
		{5E2C0946-206B-4C60-A132-E9C8EEB9283E}.Debug|x86.ActiveCfg = Debug|Any CPU
		{5E2C0946-206B-4C60-A132-E9C8EEB9283E}.Debug|x86.Build.0 = Debug|Any CPU
		{5E2C0946-206B-4C60-A132-E9C8EEB9283E}.Release|Any CPU.ActiveCfg = Release|Any CPU
		{5E2C0946-206B-4C60-A132-E9C8EEB9283E}.Release|Any CPU.Build.0 = Release|Any CPU
		{5E2C0946-206B-4C60-A132-E9C8EEB9283E}.Release|x64.ActiveCfg = Release|Any CPU
		{5E2C0946-206B-4C60-A132-E9C8EEB9283E}.Release|x64.Build.0 = Release|Any CPU
		{5E2C0946-206B-4C60-A132-E9C8EEB9283E}.Release|x86.ActiveCfg = Release|Any CPU
		{5E2C0946-206B-4C60-A132-E9C8EEB9283E}.Release|x86.Build.0 = Release|Any CPU
		{91EB7130-A452-412E-9B3D-D5BFD40CD04C}.Debug|Any CPU.ActiveCfg = Debug|Any CPU
		{91EB7130-A452-412E-9B3D-D5BFD40CD04C}.Debug|Any CPU.Build.0 = Debug|Any CPU
		{91EB7130-A452-412E-9B3D-D5BFD40CD04C}.Debug|x64.ActiveCfg = Debug|Any CPU
		{91EB7130-A452-412E-9B3D-D5BFD40CD04C}.Debug|x64.Build.0 = Debug|Any CPU
		{91EB7130-A452-412E-9B3D-D5BFD40CD04C}.Debug|x86.ActiveCfg = Debug|Any CPU
		{91EB7130-A452-412E-9B3D-D5BFD40CD04C}.Debug|x86.Build.0 = Debug|Any CPU
		{91EB7130-A452-412E-9B3D-D5BFD40CD04C}.Release|Any CPU.ActiveCfg = Release|Any CPU
		{91EB7130-A452-412E-9B3D-D5BFD40CD04C}.Release|Any CPU.Build.0 = Release|Any CPU
		{91EB7130-A452-412E-9B3D-D5BFD40CD04C}.Release|x64.ActiveCfg = Release|Any CPU
		{91EB7130-A452-412E-9B3D-D5BFD40CD04C}.Release|x64.Build.0 = Release|Any CPU
		{91EB7130-A452-412E-9B3D-D5BFD40CD04C}.Release|x86.ActiveCfg = Release|Any CPU
		{91EB7130-A452-412E-9B3D-D5BFD40CD04C}.Release|x86.Build.0 = Release|Any CPU
		{17E33B37-6BAD-449D-920D-634829F1B48B}.Debug|Any CPU.ActiveCfg = Debug|Any CPU
		{17E33B37-6BAD-449D-920D-634829F1B48B}.Debug|Any CPU.Build.0 = Debug|Any CPU
		{17E33B37-6BAD-449D-920D-634829F1B48B}.Debug|x64.ActiveCfg = Debug|Any CPU
		{17E33B37-6BAD-449D-920D-634829F1B48B}.Debug|x64.Build.0 = Debug|Any CPU
		{17E33B37-6BAD-449D-920D-634829F1B48B}.Debug|x86.ActiveCfg = Debug|Any CPU
		{17E33B37-6BAD-449D-920D-634829F1B48B}.Debug|x86.Build.0 = Debug|Any CPU
		{17E33B37-6BAD-449D-920D-634829F1B48B}.Release|Any CPU.ActiveCfg = Release|Any CPU
		{17E33B37-6BAD-449D-920D-634829F1B48B}.Release|Any CPU.Build.0 = Release|Any CPU
		{17E33B37-6BAD-449D-920D-634829F1B48B}.Release|x64.ActiveCfg = Release|Any CPU
		{17E33B37-6BAD-449D-920D-634829F1B48B}.Release|x64.Build.0 = Release|Any CPU
		{17E33B37-6BAD-449D-920D-634829F1B48B}.Release|x86.ActiveCfg = Release|Any CPU
		{17E33B37-6BAD-449D-920D-634829F1B48B}.Release|x86.Build.0 = Release|Any CPU
	EndGlobalSection
	GlobalSection(SolutionProperties) = preSolution
		HideSolutionNode = FALSE
	EndGlobalSection
	GlobalSection(NestedProjects) = preSolution
		{B766A3BC-3EF8-4368-899C-49C9D2A761F0} = {7F0EA126-51FF-CBAC-EC80-4BE6FCA492A2}
		{ED8DA172-698A-46BB-B641-FB048EB7B55C} = {7F0EA126-51FF-CBAC-EC80-4BE6FCA492A2}
		{D7A26090-9376-4633-9297-C7D65C5E9518} = {7F0EA126-51FF-CBAC-EC80-4BE6FCA492A2}
		{9875BBD4-8CA9-415C-BBEE-984E372C11DA} = {7F0EA126-51FF-CBAC-EC80-4BE6FCA492A2}
		{E949DAC3-1A99-4F8F-ADFC-E9188EC1EE04} = {8F88C809-3458-DB09-A47C-BC08EA9618F6}
		{9C0EAEFD-07F9-4C4C-9F54-8781D571878E} = {8F88C809-3458-DB09-A47C-BC08EA9618F6}
		{EE67B9C3-35A1-4AAF-9951-F11E191B6631} = {8F88C809-3458-DB09-A47C-BC08EA9618F6}
		{E4BB1BF3-839C-480A-A267-F48E9402B068} = {8F88C809-3458-DB09-A47C-BC08EA9618F6}
		{37BDB0D8-FDB2-420B-AD9C-331961BA5FA2} = {D82EAE68-2C92-46BA-E68F-07DF2989FE02}
		{DD433907-0CC3-4BE5-A65A-9921B78F265A} = {54C27F26-71CB-9721-02CF-9E5332C2F895}
		{4DE00D7B-E5F4-4716-B9E3-402BF556E697} = {54C27F26-71CB-9721-02CF-9E5332C2F895}
		{0554CA94-CB8C-4661-B7BC-549321DEBF75} = {54C27F26-71CB-9721-02CF-9E5332C2F895}
		{3ADF6C20-492F-4733-9FE9-C40AE19D47F8} = {54C27F26-71CB-9721-02CF-9E5332C2F895}
		{BA5DD65F-E943-47C8-B529-F45D3BA5947E} = {74B0D46A-C2A4-54DC-F940-E5841734F66C}
		{190769E4-D06F-4235-B3EB-CBF308A54B7F} = {74B0D46A-C2A4-54DC-F940-E5841734F66C}
		{443779F4-DA93-487F-BFC2-005772A96E19} = {74B0D46A-C2A4-54DC-F940-E5841734F66C}
		{2F3BCAB7-5EE6-4449-9B31-85E75ED394DA} = {74B0D46A-C2A4-54DC-F940-E5841734F66C}
		{BAB53BDE-D2F9-4CF2-A24F-A83EBA80D878} = {1CDB8257-D98E-AF38-204D-5645D4EEB404}
		{2EC66264-B85C-4F09-A39F-5CDE0C018C48} = {1CDB8257-D98E-AF38-204D-5645D4EEB404}
		{50FE9C9F-35C1-43A1-A08B-0BF04EC18F5F} = {1CDB8257-D98E-AF38-204D-5645D4EEB404}
		{0B6C6B18-7CCD-4E63-9223-6EEF83E94742} = {1CDB8257-D98E-AF38-204D-5645D4EEB404}
		{5BCA734B-AD73-4B1D-982C-0B8406A69B63} = {2FA8F305-DE38-4927-6B72-6521E67971D8}
		{94C1BCC6-218F-4D0D-AAC2-DFA0364C7615} = {2FA8F305-DE38-4927-6B72-6521E67971D8}
		{F03F9876-B66C-48ED-B1BF-77B4768BA871} = {2FA8F305-DE38-4927-6B72-6521E67971D8}
		{B85FF394-16BC-4540-B6E3-0F629B40A2A1} = {2FA8F305-DE38-4927-6B72-6521E67971D8}
		{E89C2908-02D3-43C4-B7DA-E6BCC81FCE6C} = {2C0108AB-5D27-61AE-3E27-841A964D9CD4}
		{5E2C0946-206B-4C60-A132-E9C8EEB9283E} = {2C0108AB-5D27-61AE-3E27-841A964D9CD4}
		{91EB7130-A452-412E-9B3D-D5BFD40CD04C} = {2C0108AB-5D27-61AE-3E27-841A964D9CD4}
		{17E33B37-6BAD-449D-920D-634829F1B48B} = {2C0108AB-5D27-61AE-3E27-841A964D9CD4}
	EndGlobalSection
	GlobalSection(ExtensibilityGlobals) = postSolution
		SolutionGuid = {E897ACC5-6E4B-404A-894A-F1938CED4F63}
	EndGlobalSection
EndGlobal
